
Microsoft Visual Studio Solution File, Format Version 12.00
# Visual Studio 14
VisualStudioVersion = 14.0.25420.1
MinimumVisualStudioVersion = 10.0.40219.1
Project("{A07B5EB6-E848-4116-A8D0-A826331D98C6}") = "SchoolMailApplication", "SchoolMailApplication\SchoolMailApplication.sfproj", "{8AFB9846-32F3-4D2E-86A9-095D9CF83043}"
EndProject
Project("{FAE04EC0-301F-11D3-BF4B-00C04F79EFBC}") = "Student", "Student\Student.csproj", "{DB9F3863-E9FC-45A9-B56D-A5CF143AC720}"
EndProject
Project("{FAE04EC0-301F-11D3-BF4B-00C04F79EFBC}") = "Student.Interfaces", "Student.Interfaces\Student.Interfaces.csproj", "{1B925144-3951-4635-96AA-1EA5065B8913}"
EndProject
Project("{FAE04EC0-301F-11D3-BF4B-00C04F79EFBC}") = "Teacher", "Teacher\Teacher.csproj", "{9CA94318-A34E-4ED7-8B80-6595604F44FC}"
EndProject
Project("{FAE04EC0-301F-11D3-BF4B-00C04F79EFBC}") = "Teacher.Interfaces", "Teacher.Interfaces\Teacher.Interfaces.csproj", "{8A1B85A8-DE34-4644-9C8D-18AA20729773}"
EndProject
Global
	GlobalSection(SolutionConfigurationPlatforms) = preSolution
		Debug|x64 = Debug|x64
		Release|x64 = Release|x64
	EndGlobalSection
	GlobalSection(ProjectConfigurationPlatforms) = postSolution
		{8AFB9846-32F3-4D2E-86A9-095D9CF83043}.Debug|x64.ActiveCfg = Debug|x64
		{8AFB9846-32F3-4D2E-86A9-095D9CF83043}.Debug|x64.Build.0 = Debug|x64
		{8AFB9846-32F3-4D2E-86A9-095D9CF83043}.Debug|x64.Deploy.0 = Debug|x64
		{8AFB9846-32F3-4D2E-86A9-095D9CF83043}.Release|x64.ActiveCfg = Release|x64
		{8AFB9846-32F3-4D2E-86A9-095D9CF83043}.Release|x64.Build.0 = Release|x64
		{8AFB9846-32F3-4D2E-86A9-095D9CF83043}.Release|x64.Deploy.0 = Release|x64
		{DB9F3863-E9FC-45A9-B56D-A5CF143AC720}.Debug|x64.ActiveCfg = Debug|x64
		{DB9F3863-E9FC-45A9-B56D-A5CF143AC720}.Debug|x64.Build.0 = Debug|x64
		{DB9F3863-E9FC-45A9-B56D-A5CF143AC720}.Release|x64.ActiveCfg = Release|x64
		{DB9F3863-E9FC-45A9-B56D-A5CF143AC720}.Release|x64.Build.0 = Release|x64
		{1B925144-3951-4635-96AA-1EA5065B8913}.Debug|x64.ActiveCfg = Debug|x64
		{1B925144-3951-4635-96AA-1EA5065B8913}.Debug|x64.Build.0 = Debug|x64
		{1B925144-3951-4635-96AA-1EA5065B8913}.Release|x64.ActiveCfg = Release|x64
		{1B925144-3951-4635-96AA-1EA5065B8913}.Release|x64.Build.0 = Release|x64
		{9CA94318-A34E-4ED7-8B80-6595604F44FC}.Debug|x64.ActiveCfg = Debug|x64
		{9CA94318-A34E-4ED7-8B80-6595604F44FC}.Debug|x64.Build.0 = Debug|x64
		{9CA94318-A34E-4ED7-8B80-6595604F44FC}.Release|x64.ActiveCfg = Release|x64
		{9CA94318-A34E-4ED7-8B80-6595604F44FC}.Release|x64.Build.0 = Release|x64
		{8A1B85A8-DE34-4644-9C8D-18AA20729773}.Debug|x64.ActiveCfg = Debug|x64
		{8A1B85A8-DE34-4644-9C8D-18AA20729773}.Debug|x64.Build.0 = Debug|x64
		{8A1B85A8-DE34-4644-9C8D-18AA20729773}.Release|x64.ActiveCfg = Release|x64
		{8A1B85A8-DE34-4644-9C8D-18AA20729773}.Release|x64.Build.0 = Release|x64
	EndGlobalSection
	GlobalSection(SolutionProperties) = preSolution
		HideSolutionNode = FALSE
	EndGlobalSection
EndGlobal
