
Microsoft Visual Studio Solution File, Format Version 12.00
# Visual Studio 15
VisualStudioVersion = 15.0.26430.12
MinimumVisualStudioVersion = 10.0.40219.1
Project("{A07B5EB6-E848-4116-A8D0-A826331D98C6}") = "SagasApplication", "SagasApplication\SagasApplication.sfproj", "{827F17AC-3AE7-4674-B98B-9427089F7E39}"
EndProject
Project("{FAE04EC0-301F-11D3-BF4B-00C04F79EFBC}") = "Entities", "Entities\Entities.csproj", "{B1A0938D-AC2D-43D3-94BA-4EFDF4EAA67E}"
EndProject
Project("{FAE04EC0-301F-11D3-BF4B-00C04F79EFBC}") = "LineManagerLeaveApprovalService", "LineManagerLeaveApprovalService\LineManagerLeaveApprovalService.csproj", "{07A5DE9D-BDC6-4C95-8668-BB0331EFA6E0}"
EndProject
Project("{FAE04EC0-301F-11D3-BF4B-00C04F79EFBC}") = "HRLeaveApprovalService", "HRLeaveApprovalService\HRLeaveApprovalService.csproj", "{4D1CE756-6C0C-4571-B0E0-DEBEF3E61F28}"
EndProject
Project("{FAE04EC0-301F-11D3-BF4B-00C04F79EFBC}") = "LeaveSagaService", "LeaveSagaService\LeaveSagaService.csproj", "{606F25D2-C462-4DCD-BF01-B320717C4880}"
EndProject
Project("{FAE04EC0-301F-11D3-BF4B-00C04F79EFBC}") = "Common", "Common\Common.csproj", "{0D8C14A6-FE1E-4720-B072-02979B282BF1}"
EndProject
Global
	GlobalSection(SolutionConfigurationPlatforms) = preSolution
		Debug|Any CPU = Debug|Any CPU
		Debug|x64 = Debug|x64
		Release|Any CPU = Release|Any CPU
		Release|x64 = Release|x64
	EndGlobalSection
	GlobalSection(ProjectConfigurationPlatforms) = postSolution
		{827F17AC-3AE7-4674-B98B-9427089F7E39}.Debug|Any CPU.ActiveCfg = Debug|x64
		{827F17AC-3AE7-4674-B98B-9427089F7E39}.Debug|x64.ActiveCfg = Debug|x64
		{827F17AC-3AE7-4674-B98B-9427089F7E39}.Debug|x64.Build.0 = Debug|x64
		{827F17AC-3AE7-4674-B98B-9427089F7E39}.Debug|x64.Deploy.0 = Debug|x64
		{827F17AC-3AE7-4674-B98B-9427089F7E39}.Release|Any CPU.ActiveCfg = Release|x64
		{827F17AC-3AE7-4674-B98B-9427089F7E39}.Release|x64.ActiveCfg = Release|x64
		{827F17AC-3AE7-4674-B98B-9427089F7E39}.Release|x64.Build.0 = Release|x64
		{827F17AC-3AE7-4674-B98B-9427089F7E39}.Release|x64.Deploy.0 = Release|x64
		{B1A0938D-AC2D-43D3-94BA-4EFDF4EAA67E}.Debug|Any CPU.ActiveCfg = Debug|Any CPU
		{B1A0938D-AC2D-43D3-94BA-4EFDF4EAA67E}.Debug|Any CPU.Build.0 = Debug|Any CPU
		{B1A0938D-AC2D-43D3-94BA-4EFDF4EAA67E}.Debug|x64.ActiveCfg = Debug|Any CPU
		{B1A0938D-AC2D-43D3-94BA-4EFDF4EAA67E}.Debug|x64.Build.0 = Debug|Any CPU
		{B1A0938D-AC2D-43D3-94BA-4EFDF4EAA67E}.Release|Any CPU.ActiveCfg = Release|Any CPU
		{B1A0938D-AC2D-43D3-94BA-4EFDF4EAA67E}.Release|Any CPU.Build.0 = Release|Any CPU
		{B1A0938D-AC2D-43D3-94BA-4EFDF4EAA67E}.Release|x64.ActiveCfg = Release|Any CPU
		{B1A0938D-AC2D-43D3-94BA-4EFDF4EAA67E}.Release|x64.Build.0 = Release|Any CPU
		{07A5DE9D-BDC6-4C95-8668-BB0331EFA6E0}.Debug|Any CPU.ActiveCfg = Debug|x64
		{07A5DE9D-BDC6-4C95-8668-BB0331EFA6E0}.Debug|x64.ActiveCfg = Debug|x64
		{07A5DE9D-BDC6-4C95-8668-BB0331EFA6E0}.Debug|x64.Build.0 = Debug|x64
		{07A5DE9D-BDC6-4C95-8668-BB0331EFA6E0}.Release|Any CPU.ActiveCfg = Release|x64
		{07A5DE9D-BDC6-4C95-8668-BB0331EFA6E0}.Release|x64.ActiveCfg = Release|x64
		{07A5DE9D-BDC6-4C95-8668-BB0331EFA6E0}.Release|x64.Build.0 = Release|x64
		{4D1CE756-6C0C-4571-B0E0-DEBEF3E61F28}.Debug|Any CPU.ActiveCfg = Debug|x64
		{4D1CE756-6C0C-4571-B0E0-DEBEF3E61F28}.Debug|x64.ActiveCfg = Debug|x64
		{4D1CE756-6C0C-4571-B0E0-DEBEF3E61F28}.Debug|x64.Build.0 = Debug|x64
		{4D1CE756-6C0C-4571-B0E0-DEBEF3E61F28}.Release|Any CPU.ActiveCfg = Release|x64
		{4D1CE756-6C0C-4571-B0E0-DEBEF3E61F28}.Release|x64.ActiveCfg = Release|x64
		{4D1CE756-6C0C-4571-B0E0-DEBEF3E61F28}.Release|x64.Build.0 = Release|x64
		{606F25D2-C462-4DCD-BF01-B320717C4880}.Debug|Any CPU.ActiveCfg = Debug|x64
		{606F25D2-C462-4DCD-BF01-B320717C4880}.Debug|x64.ActiveCfg = Debug|x64
		{606F25D2-C462-4DCD-BF01-B320717C4880}.Debug|x64.Build.0 = Debug|x64
		{606F25D2-C462-4DCD-BF01-B320717C4880}.Release|Any CPU.ActiveCfg = Release|x64
		{606F25D2-C462-4DCD-BF01-B320717C4880}.Release|x64.ActiveCfg = Release|x64
		{606F25D2-C462-4DCD-BF01-B320717C4880}.Release|x64.Build.0 = Release|x64
		{0D8C14A6-FE1E-4720-B072-02979B282BF1}.Debug|Any CPU.ActiveCfg = Debug|Any CPU
		{0D8C14A6-FE1E-4720-B072-02979B282BF1}.Debug|Any CPU.Build.0 = Debug|Any CPU
		{0D8C14A6-FE1E-4720-B072-02979B282BF1}.Debug|x64.ActiveCfg = Debug|Any CPU
		{0D8C14A6-FE1E-4720-B072-02979B282BF1}.Debug|x64.Build.0 = Debug|Any CPU
		{0D8C14A6-FE1E-4720-B072-02979B282BF1}.Release|Any CPU.ActiveCfg = Release|Any CPU
		{0D8C14A6-FE1E-4720-B072-02979B282BF1}.Release|Any CPU.Build.0 = Release|Any CPU
		{0D8C14A6-FE1E-4720-B072-02979B282BF1}.Release|x64.ActiveCfg = Release|Any CPU
		{0D8C14A6-FE1E-4720-B072-02979B282BF1}.Release|x64.Build.0 = Release|Any CPU
	EndGlobalSection
	GlobalSection(SolutionProperties) = preSolution
		HideSolutionNode = FALSE
	EndGlobalSection
EndGlobal
